<?xml version="1.0" encoding="UTF-8"?>
<!DOCTYPE plist PUBLIC "-//Apple//DTD PLIST 1.0//EN" "http://www.apple.com/DTDs/PropertyList-1.0.dtd">
<plist version="1.0">
<dict>
	<key>archiveVersion</key>
	<string>1</string>
	<key>classes</key>
	<dict/>
	<key>objectVersion</key>
	<string>46</string>
	<key>objects</key>
	<dict>
		<key>5AC7D1B79BDB4F08A85AF7A6</key>
		<dict>
			<key>includeInIndex</key>
			<string>1</string>
			<key>isa</key>
			<string>PBXFileReference</string>
			<key>lastKnownFileType</key>
			<string>text.xcconfig</string>
			<key>name</key>
			<string>Pods.xcconfig</string>
			<key>path</key>
			<string>Pods/Pods.xcconfig</string>
			<key>sourceTree</key>
			<string>SOURCE_ROOT</string>
		</dict>
		<key>5FEE92442A96450489BA73F8</key>
		<dict>
			<key>buildActionMask</key>
			<string>2147483647</string>
			<key>files</key>
			<array/>
			<key>inputPaths</key>
			<array/>
			<key>isa</key>
			<string>PBXShellScriptBuildPhase</string>
			<key>name</key>
			<string>Copy Pods Resources</string>
			<key>outputPaths</key>
			<array/>
			<key>runOnlyForDeploymentPostprocessing</key>
			<string>0</string>
			<key>shellPath</key>
			<string>/bin/sh</string>
			<key>shellScript</key>
			<string>"${SRCROOT}/Pods/Pods-resources.sh"
</string>
		</dict>
		<key>A83716B02131488D8CDC393E</key>
		<dict>
			<key>fileRef</key>
			<string>F48B9ABE3E664FA297376D87</string>
			<key>isa</key>
			<string>PBXBuildFile</string>
		</dict>
		<key>E54B222F15DDAE3400D6013C</key>
		<dict>
			<key>children</key>
			<array>
				<string>E54B229415DDE36800D6013C</string>
				<string>E54B223D15DDAE3700D6013C</string>
				<string>E54B226115DDB00700D6013C</string>
				<string>E54B223B15DDAE3700D6013C</string>
				<string>E54B228115DDDADF00D6013C</string>
				<string>5AC7D1B79BDB4F08A85AF7A6</string>
			</array>
			<key>isa</key>
			<string>PBXGroup</string>
			<key>sourceTree</key>
			<string>&lt;group&gt;</string>
		</dict>
		<key>E54B223115DDAE3400D6013C</key>
		<dict>
			<key>attributes</key>
			<dict>
				<key>CLASSPREFIX</key>
				<string>IP</string>
				<key>LastUpgradeCheck</key>
				<string>0430</string>
			</dict>
			<key>buildConfigurationList</key>
			<string>E54B223415DDAE3400D6013C</string>
			<key>compatibilityVersion</key>
			<string>Xcode 3.2</string>
			<key>developmentRegion</key>
			<string>English</string>
			<key>hasScannedForEncodings</key>
			<string>0</string>
			<key>isa</key>
			<string>PBXProject</string>
			<key>knownRegions</key>
			<array>
				<string>en</string>
			</array>
			<key>mainGroup</key>
			<string>E54B222F15DDAE3400D6013C</string>
			<key>productRefGroup</key>
			<string>E54B223B15DDAE3700D6013C</string>
			<key>projectDirPath</key>
			<string></string>
			<key>projectRoot</key>
			<string></string>
			<key>targets</key>
			<array>
				<string>E54B223915DDAE3700D6013C</string>
			</array>
		</dict>
		<key>E54B223415DDAE3400D6013C</key>
		<dict>
			<key>buildConfigurations</key>
			<array>
				<string>E54B225615DDAE3700D6013C</string>
				<string>E54B225715DDAE3700D6013C</string>
			</array>
			<key>defaultConfigurationIsVisible</key>
			<string>0</string>
			<key>defaultConfigurationName</key>
			<string>Release</string>
			<key>isa</key>
			<string>XCConfigurationList</string>
		</dict>
		<key>E54B223615DDAE3700D6013C</key>
		<dict>
			<key>buildActionMask</key>
			<string>2147483647</string>
			<key>files</key>
			<array>
				<string>E54B228915DDDADF00D6013C</string>
				<string>E54B228A15DDDADF00D6013C</string>
				<string>E54B228B15DDDADF00D6013C</string>
				<string>E54B22A215DDE36800D6013C</string>
				<string>E54B22A315DDE36800D6013C</string>
				<string>E54B22A415DDE36800D6013C</string>
				<string>E54B22A515DDE36800D6013C</string>
			</array>
			<key>isa</key>
			<string>PBXSourcesBuildPhase</string>
			<key>runOnlyForDeploymentPostprocessing</key>
			<string>0</string>
		</dict>
		<key>E54B223715DDAE3700D6013C</key>
		<dict>
			<key>buildActionMask</key>
			<string>2147483647</string>
			<key>files</key>
			<array>
				<string>E54B223F15DDAE3700D6013C</string>
				<string>E54B224115DDAE3700D6013C</string>
				<string>E54B224315DDAE3700D6013C</string>
				<string>A83716B02131488D8CDC393E</string>
			</array>
			<key>isa</key>
			<string>PBXFrameworksBuildPhase</string>
			<key>runOnlyForDeploymentPostprocessing</key>
			<string>0</string>
		</dict>
		<key>E54B223815DDAE3700D6013C</key>
		<dict>
			<key>buildActionMask</key>
			<string>2147483647</string>
			<key>files</key>
			<array>
				<string>E54B22A015DDE36800D6013C</string>
				<string>E54B22A115DDE36800D6013C</string>
			</array>
			<key>isa</key>
			<string>PBXResourcesBuildPhase</string>
			<key>runOnlyForDeploymentPostprocessing</key>
			<string>0</string>
		</dict>
		<key>E54B223915DDAE3700D6013C</key>
		<dict>
			<key>buildConfigurationList</key>
			<string>E54B225815DDAE3700D6013C</string>
			<key>buildPhases</key>
			<array>
				<string>E54B223615DDAE3700D6013C</string>
				<string>E54B223715DDAE3700D6013C</string>
				<string>E54B223815DDAE3700D6013C</string>
				<string>5FEE92442A96450489BA73F8</string>
			</array>
			<key>buildRules</key>
			<array/>
			<key>dependencies</key>
			<array/>
			<key>isa</key>
			<string>PBXNativeTarget</string>
			<key>name</key>
			<string>InfinityProject</string>
			<key>productName</key>
			<string>InfinityProject</string>
			<key>productReference</key>
			<string>E54B223A15DDAE3700D6013C</string>
			<key>productType</key>
			<string>com.apple.product-type.application</string>
		</dict>
		<key>E54B223A15DDAE3700D6013C</key>
		<dict>
			<key>explicitFileType</key>
			<string>wrapper.application</string>
			<key>includeInIndex</key>
			<string>0</string>
			<key>isa</key>
			<string>PBXFileReference</string>
			<key>name</key>
			<string>InfinityProject.app</string>
			<key>path</key>
			<string>InfinityProject.app</string>
			<key>sourceTree</key>
			<string>BUILT_PRODUCTS_DIR</string>
		</dict>
		<key>E54B223B15DDAE3700D6013C</key>
		<dict>
			<key>children</key>
			<array>
				<string>E54B223A15DDAE3700D6013C</string>
			</array>
			<key>isa</key>
			<string>PBXGroup</string>
			<key>name</key>
			<string>Products</string>
			<key>sourceTree</key>
			<string>&lt;group&gt;</string>
		</dict>
		<key>E54B223D15DDAE3700D6013C</key>
		<dict>
			<key>children</key>
			<array>
				<string>E54B223E15DDAE3700D6013C</string>
				<string>E54B224015DDAE3700D6013C</string>
				<string>E54B224215DDAE3700D6013C</string>
				<string>F48B9ABE3E664FA297376D87</string>
			</array>
			<key>isa</key>
			<string>PBXGroup</string>
			<key>name</key>
			<string>Frameworks</string>
			<key>sourceTree</key>
			<string>&lt;group&gt;</string>
		</dict>
		<key>E54B223E15DDAE3700D6013C</key>
		<dict>
			<key>includeInIndex</key>
			<string>1</string>
			<key>isa</key>
			<string>PBXFileReference</string>
			<key>lastKnownFileType</key>
			<string>wrapper.framework</string>
			<key>name</key>
			<string>UIKit.framework</string>
			<key>path</key>
			<string>System/Library/Frameworks/UIKit.framework</string>
			<key>sourceTree</key>
			<string>SDKROOT</string>
		</dict>
		<key>E54B223F15DDAE3700D6013C</key>
		<dict>
			<key>fileRef</key>
			<string>E54B223E15DDAE3700D6013C</string>
			<key>isa</key>
			<string>PBXBuildFile</string>
		</dict>
		<key>E54B224015DDAE3700D6013C</key>
		<dict>
			<key>includeInIndex</key>
			<string>1</string>
			<key>isa</key>
			<string>PBXFileReference</string>
			<key>lastKnownFileType</key>
			<string>wrapper.framework</string>
			<key>name</key>
			<string>Foundation.framework</string>
			<key>path</key>
			<string>System/Library/Frameworks/Foundation.framework</string>
			<key>sourceTree</key>
			<string>SDKROOT</string>
		</dict>
		<key>E54B224115DDAE3700D6013C</key>
		<dict>
			<key>fileRef</key>
			<string>E54B224015DDAE3700D6013C</string>
			<key>isa</key>
			<string>PBXBuildFile</string>
		</dict>
		<key>E54B224215DDAE3700D6013C</key>
		<dict>
			<key>includeInIndex</key>
			<string>1</string>
			<key>isa</key>
			<string>PBXFileReference</string>
			<key>lastKnownFileType</key>
			<string>wrapper.framework</string>
			<key>name</key>
			<string>CoreGraphics.framework</string>
			<key>path</key>
			<string>System/Library/Frameworks/CoreGraphics.framework</string>
			<key>sourceTree</key>
			<string>SDKROOT</string>
		</dict>
		<key>E54B224315DDAE3700D6013C</key>
		<dict>
			<key>fileRef</key>
			<string>E54B224215DDAE3700D6013C</string>
			<key>isa</key>
			<string>PBXBuildFile</string>
		</dict>
		<key>E54B225615DDAE3700D6013C</key>
		<dict>
			<key>buildSettings</key>
			<dict>
				<key>ALWAYS_SEARCH_USER_PATHS</key>
				<string>NO</string>
				<key>ARCHS</key>
				<string>$(ARCHS_STANDARD_32_BIT)</string>
				<key>CLANG_ENABLE_OBJC_ARC</key>
				<string>YES</string>
				<key>CODE_SIGN_IDENTITY[sdk=iphoneos*]</key>
				<string>iPhone Developer</string>
				<key>COPY_PHASE_STRIP</key>
				<string>NO</string>
				<key>GCC_C_LANGUAGE_STANDARD</key>
				<string>gnu99</string>
				<key>GCC_DYNAMIC_NO_PIC</key>
				<string>NO</string>
				<key>GCC_OPTIMIZATION_LEVEL</key>
				<string>0</string>
				<key>GCC_PREPROCESSOR_DEFINITIONS</key>
				<array>
					<string>DEBUG=1</string>
					<string>$(inherited)</string>
				</array>
				<key>GCC_SYMBOLS_PRIVATE_EXTERN</key>
				<string>NO</string>
				<key>GCC_VERSION</key>
				<string>com.apple.compilers.llvm.clang.1_0</string>
				<key>GCC_WARN_ABOUT_RETURN_TYPE</key>
				<string>YES</string>
				<key>GCC_WARN_UNINITIALIZED_AUTOS</key>
				<string>YES</string>
				<key>GCC_WARN_UNUSED_VARIABLE</key>
				<string>YES</string>
				<key>IPHONEOS_DEPLOYMENT_TARGET</key>
				<string>5.1</string>
				<key>SDKROOT</key>
				<string>iphoneos</string>
			</dict>
			<key>isa</key>
			<string>XCBuildConfiguration</string>
			<key>name</key>
			<string>Debug</string>
		</dict>
		<key>E54B225715DDAE3700D6013C</key>
		<dict>
			<key>buildSettings</key>
			<dict>
				<key>ALWAYS_SEARCH_USER_PATHS</key>
				<string>NO</string>
				<key>ARCHS</key>
				<string>$(ARCHS_STANDARD_32_BIT)</string>
				<key>CLANG_ENABLE_OBJC_ARC</key>
				<string>YES</string>
				<key>CODE_SIGN_IDENTITY[sdk=iphoneos*]</key>
				<string>iPhone Developer</string>
				<key>COPY_PHASE_STRIP</key>
				<string>YES</string>
				<key>GCC_C_LANGUAGE_STANDARD</key>
				<string>gnu99</string>
				<key>GCC_VERSION</key>
				<string>com.apple.compilers.llvm.clang.1_0</string>
				<key>GCC_WARN_ABOUT_RETURN_TYPE</key>
				<string>YES</string>
				<key>GCC_WARN_UNINITIALIZED_AUTOS</key>
				<string>YES</string>
				<key>GCC_WARN_UNUSED_VARIABLE</key>
				<string>YES</string>
				<key>IPHONEOS_DEPLOYMENT_TARGET</key>
				<string>5.1</string>
				<key>OTHER_CFLAGS</key>
				<string>-DNS_BLOCK_ASSERTIONS=1</string>
				<key>SDKROOT</key>
				<string>iphoneos</string>
				<key>VALIDATE_PRODUCT</key>
				<string>YES</string>
			</dict>
			<key>isa</key>
			<string>XCBuildConfiguration</string>
			<key>name</key>
			<string>Release</string>
		</dict>
		<key>E54B225815DDAE3700D6013C</key>
		<dict>
			<key>buildConfigurations</key>
			<array>
				<string>E54B225915DDAE3700D6013C</string>
				<string>E54B225A15DDAE3700D6013C</string>
			</array>
			<key>defaultConfigurationIsVisible</key>
			<string>0</string>
			<key>defaultConfigurationName</key>
			<string>Release</string>
			<key>isa</key>
			<string>XCConfigurationList</string>
		</dict>
		<key>E54B225915DDAE3700D6013C</key>
		<dict>
			<key>baseConfigurationReference</key>
			<string>5AC7D1B79BDB4F08A85AF7A6</string>
			<key>buildSettings</key>
			<dict>
				<key>GCC_PRECOMPILE_PREFIX_HEADER</key>
				<string>YES</string>
				<key>GCC_PREFIX_HEADER</key>
				<string>InfinityProject/InfinityProject-Prefix.pch</string>
				<key>INFOPLIST_FILE</key>
				<string>InfinityProject/InfinityProject-Info.plist</string>
				<key>PRODUCT_NAME</key>
				<string>$(TARGET_NAME)</string>
				<key>WRAPPER_EXTENSION</key>
				<string>app</string>
			</dict>
			<key>isa</key>
			<string>XCBuildConfiguration</string>
			<key>name</key>
			<string>Debug</string>
		</dict>
		<key>E54B225A15DDAE3700D6013C</key>
		<dict>
			<key>baseConfigurationReference</key>
			<string>5AC7D1B79BDB4F08A85AF7A6</string>
			<key>buildSettings</key>
			<dict>
				<key>GCC_PRECOMPILE_PREFIX_HEADER</key>
				<string>YES</string>
				<key>GCC_PREFIX_HEADER</key>
				<string>InfinityProject/InfinityProject-Prefix.pch</string>
				<key>INFOPLIST_FILE</key>
				<string>InfinityProject/InfinityProject-Info.plist</string>
				<key>PRODUCT_NAME</key>
				<string>$(TARGET_NAME)</string>
				<key>WRAPPER_EXTENSION</key>
				<string>app</string>
			</dict>
			<key>isa</key>
			<string>XCBuildConfiguration</string>
			<key>name</key>
			<string>Release</string>
		</dict>
		<key>E54B226115DDB00700D6013C</key>
		<dict>
			<key>children</key>
			<array/>
			<key>isa</key>
			<string>PBXGroup</string>
			<key>name</key>
			<string>Resources</string>
			<key>path</key>
			<string>InfinityProject</string>
			<key>sourceTree</key>
			<string>&lt;group&gt;</string>
		</dict>
		<key>E54B228115DDDADF00D6013C</key>
		<dict>
			<key>children</key>
			<array>
				<string>E54B228215DDDADF00D6013C</string>
			</array>
			<key>isa</key>
			<string>PBXGroup</string>
			<key>path</key>
			<string>External</string>
			<key>sourceTree</key>
			<string>&lt;group&gt;</string>
		</dict>
		<key>E54B228215DDDADF00D6013C</key>
		<dict>
			<key>children</key>
			<array>
				<string>E54B228315DDDADF00D6013C</string>
				<string>E54B228415DDDADF00D6013C</string>
				<string>E54B228515DDDADF00D6013C</string>
				<string>E54B228615DDDADF00D6013C</string>
				<string>E54B228715DDDADF00D6013C</string>
				<string>E54B228815DDDADF00D6013C</string>
			</array>
			<key>isa</key>
			<string>PBXGroup</string>
			<key>path</key>
			<string>UIImage Categories</string>
			<key>sourceTree</key>
			<string>&lt;group&gt;</string>
		</dict>
		<key>E54B228315DDDADF00D6013C</key>
		<dict>
			<key>fileEncoding</key>
			<string>4</string>
			<key>isa</key>
			<string>PBXFileReference</string>
			<key>lastKnownFileType</key>
			<string>sourcecode.c.h</string>
			<key>path</key>
			<string>UIImage+AlphaAdditions.h</string>
			<key>sourceTree</key>
			<string>&lt;group&gt;</string>
		</dict>
		<key>E54B228415DDDADF00D6013C</key>
		<dict>
			<key>fileEncoding</key>
			<string>4</string>
			<key>isa</key>
			<string>PBXFileReference</string>
			<key>lastKnownFileType</key>
			<string>sourcecode.c.objc</string>
			<key>path</key>
			<string>UIImage+AlphaAdditions.m</string>
			<key>sourceTree</key>
			<string>&lt;group&gt;</string>
		</dict>
		<key>E54B228515DDDADF00D6013C</key>
		<dict>
			<key>fileEncoding</key>
			<string>4</string>
			<key>isa</key>
			<string>PBXFileReference</string>
			<key>lastKnownFileType</key>
			<string>sourcecode.c.h</string>
			<key>path</key>
			<string>UIImage+ResizeAdditions.h</string>
			<key>sourceTree</key>
			<string>&lt;group&gt;</string>
		</dict>
		<key>E54B228615DDDADF00D6013C</key>
		<dict>
			<key>fileEncoding</key>
			<string>4</string>
			<key>isa</key>
			<string>PBXFileReference</string>
			<key>lastKnownFileType</key>
			<string>sourcecode.c.objc</string>
			<key>path</key>
			<string>UIImage+ResizeAdditions.m</string>
			<key>sourceTree</key>
			<string>&lt;group&gt;</string>
		</dict>
		<key>E54B228715DDDADF00D6013C</key>
		<dict>
			<key>fileEncoding</key>
			<string>4</string>
			<key>isa</key>
			<string>PBXFileReference</string>
			<key>lastKnownFileType</key>
			<string>sourcecode.c.h</string>
			<key>path</key>
			<string>UIImage+RoundedCornerAdditions.h</string>
			<key>sourceTree</key>
			<string>&lt;group&gt;</string>
		</dict>
		<key>E54B228815DDDADF00D6013C</key>
		<dict>
			<key>fileEncoding</key>
			<string>4</string>
			<key>isa</key>
			<string>PBXFileReference</string>
			<key>lastKnownFileType</key>
			<string>sourcecode.c.objc</string>
			<key>path</key>
			<string>UIImage+RoundedCornerAdditions.m</string>
			<key>sourceTree</key>
			<string>&lt;group&gt;</string>
		</dict>
		<key>E54B228915DDDADF00D6013C</key>
		<dict>
			<key>fileRef</key>
			<string>E54B228415DDDADF00D6013C</string>
			<key>isa</key>
			<string>PBXBuildFile</string>
		</dict>
		<key>E54B228A15DDDADF00D6013C</key>
		<dict>
			<key>fileRef</key>
			<string>E54B228615DDDADF00D6013C</string>
			<key>isa</key>
			<string>PBXBuildFile</string>
		</dict>
		<key>E54B228B15DDDADF00D6013C</key>
		<dict>
			<key>fileRef</key>
			<string>E54B228815DDDADF00D6013C</string>
			<key>isa</key>
			<string>PBXBuildFile</string>
		</dict>
		<key>E54B229415DDE36800D6013C</key>
		<dict>
			<key>children</key>
			<array>
				<string>E54B22A715DDE38200D6013C</string>
				<string>E54B22A615DDE37500D6013C</string>
				<string>E54B229915DDE36800D6013C</string>
				<string>E54B229A15DDE36800D6013C</string>
				<string>E54B22A815DDE39C00D6013C</string>
			</array>
			<key>isa</key>
			<string>PBXGroup</string>
			<key>path</key>
			<string>Classes</string>
			<key>sourceTree</key>
			<string>&lt;group&gt;</string>
		</dict>
		<key>E54B229515DDE36800D6013C</key>
		<dict>
			<key>children</key>
			<array>
				<string>E54B229615DDE36800D6013C</string>
			</array>
			<key>isa</key>
			<string>PBXVariantGroup</string>
			<key>name</key>
			<string>InfoPlist.strings</string>
			<key>sourceTree</key>
			<string>&lt;group&gt;</string>
		</dict>
		<key>E54B229615DDE36800D6013C</key>
		<dict>
			<key>isa</key>
			<string>PBXFileReference</string>
			<key>lastKnownFileType</key>
			<string>text.plist.strings</string>
			<key>name</key>
			<string>en</string>
			<key>path</key>
			<string>en.lproj/InfoPlist.strings</string>
			<key>sourceTree</key>
			<string>&lt;group&gt;</string>
		</dict>
		<key>E54B229715DDE36800D6013C</key>
		<dict>
			<key>fileEncoding</key>
			<string>4</string>
			<key>isa</key>
			<string>PBXFileReference</string>
			<key>lastKnownFileType</key>
			<string>text.plist.xml</string>
			<key>path</key>
			<string>InfinityProject-Info.plist</string>
			<key>sourceTree</key>
			<string>&lt;group&gt;</string>
		</dict>
		<key>E54B229815DDE36800D6013C</key>
		<dict>
			<key>fileEncoding</key>
			<string>4</string>
			<key>isa</key>
			<string>PBXFileReference</string>
			<key>lastKnownFileType</key>
			<string>sourcecode.c.h</string>
			<key>path</key>
			<string>InfinityProject-Prefix.pch</string>
			<key>sourceTree</key>
			<string>&lt;group&gt;</string>
		</dict>
		<key>E54B229915DDE36800D6013C</key>
		<dict>
			<key>fileEncoding</key>
			<string>4</string>
			<key>isa</key>
			<string>PBXFileReference</string>
			<key>lastKnownFileType</key>
			<string>sourcecode.c.h</string>
			<key>path</key>
			<string>IPAppDelegate.h</string>
			<key>sourceTree</key>
			<string>&lt;group&gt;</string>
		</dict>
		<key>E54B229A15DDE36800D6013C</key>
		<dict>
			<key>fileEncoding</key>
			<string>4</string>
			<key>isa</key>
			<string>PBXFileReference</string>
			<key>lastKnownFileType</key>
			<string>sourcecode.c.objc</string>
			<key>path</key>
			<string>IPAppDelegate.m</string>
			<key>sourceTree</key>
			<string>&lt;group&gt;</string>
		</dict>
		<key>E54B229B15DDE36800D6013C</key>
		<dict>
			<key>fileEncoding</key>
			<string>4</string>
			<key>isa</key>
			<string>PBXFileReference</string>
			<key>lastKnownFileType</key>
			<string>sourcecode.c.h</string>
			<key>path</key>
			<string>IPMeView.h</string>
			<key>sourceTree</key>
			<string>&lt;group&gt;</string>
		</dict>
		<key>E54B229C15DDE36800D6013C</key>
		<dict>
			<key>fileEncoding</key>
			<string>4</string>
			<key>isa</key>
			<string>PBXFileReference</string>
			<key>lastKnownFileType</key>
			<string>sourcecode.c.objc</string>
			<key>path</key>
			<string>IPMeView.m</string>
			<key>sourceTree</key>
			<string>&lt;group&gt;</string>
		</dict>
		<key>E54B229D15DDE36800D6013C</key>
		<dict>
			<key>fileEncoding</key>
			<string>4</string>
			<key>isa</key>
			<string>PBXFileReference</string>
			<key>lastKnownFileType</key>
			<string>sourcecode.c.h</string>
			<key>path</key>
			<string>IPMeViewController.h</string>
			<key>sourceTree</key>
			<string>&lt;group&gt;</string>
		</dict>
		<key>E54B229E15DDE36800D6013C</key>
		<dict>
			<key>fileEncoding</key>
			<string>4</string>
			<key>isa</key>
			<string>PBXFileReference</string>
			<key>lastKnownFileType</key>
			<string>sourcecode.c.objc</string>
			<key>path</key>
			<string>IPMeViewController.m</string>
			<key>sourceTree</key>
			<string>&lt;group&gt;</string>
		</dict>
		<key>E54B229F15DDE36800D6013C</key>
		<dict>
			<key>fileEncoding</key>
			<string>4</string>
			<key>isa</key>
			<string>PBXFileReference</string>
			<key>lastKnownFileType</key>
			<string>sourcecode.c.objc</string>
			<key>path</key>
			<string>main.m</string>
			<key>sourceTree</key>
			<string>&lt;group&gt;</string>
		</dict>
		<key>E54B22A015DDE36800D6013C</key>
		<dict>
			<key>fileRef</key>
			<string>E54B229515DDE36800D6013C</string>
			<key>isa</key>
			<string>PBXBuildFile</string>
		</dict>
		<key>E54B22A115DDE36800D6013C</key>
		<dict>
			<key>fileRef</key>
			<string>E54B229715DDE36800D6013C</string>
			<key>isa</key>
			<string>PBXBuildFile</string>
		</dict>
		<key>E54B22A215DDE36800D6013C</key>
		<dict>
			<key>fileRef</key>
			<string>E54B229A15DDE36800D6013C</string>
			<key>isa</key>
			<string>PBXBuildFile</string>
		</dict>
		<key>E54B22A315DDE36800D6013C</key>
		<dict>
			<key>fileRef</key>
			<string>E54B229C15DDE36800D6013C</string>
			<key>isa</key>
			<string>PBXBuildFile</string>
		</dict>
		<key>E54B22A415DDE36800D6013C</key>
		<dict>
			<key>fileRef</key>
			<string>E54B229E15DDE36800D6013C</string>
			<key>isa</key>
			<string>PBXBuildFile</string>
		</dict>
		<key>E54B22A515DDE36800D6013C</key>
		<dict>
			<key>fileRef</key>
			<string>E54B229F15DDE36800D6013C</string>
			<key>isa</key>
			<string>PBXBuildFile</string>
		</dict>
		<key>E54B22A615DDE37500D6013C</key>
		<dict>
			<key>children</key>
			<array>
				<string>E54B229B15DDE36800D6013C</string>
				<string>E54B229C15DDE36800D6013C</string>
			</array>
			<key>isa</key>
			<string>PBXGroup</string>
			<key>name</key>
			<string>Views</string>
			<key>sourceTree</key>
			<string>&lt;group&gt;</string>
		</dict>
		<key>E54B22A715DDE38200D6013C</key>
		<dict>
			<key>children</key>
			<array>
				<string>E54B229D15DDE36800D6013C</string>
				<string>E54B229E15DDE36800D6013C</string>
			</array>
			<key>isa</key>
			<string>PBXGroup</string>
			<key>name</key>
			<string>Controllers</string>
			<key>sourceTree</key>
			<string>&lt;group&gt;</string>
		</dict>
		<key>E54B22A815DDE39C00D6013C</key>
		<dict>
			<key>children</key>
			<array>
				<string>E54B229515DDE36800D6013C</string>
				<string>E54B229715DDE36800D6013C</string>
				<string>E54B229815DDE36800D6013C</string>
				<string>E54B229F15DDE36800D6013C</string>
			</array>
			<key>isa</key>
			<string>PBXGroup</string>
			<key>name</key>
			<string>Supporting Files</string>
			<key>sourceTree</key>
			<string>&lt;group&gt;</string>
		</dict>
		<key>F48B9ABE3E664FA297376D87</key>
		<dict>
			<key>explicitFileType</key>
			<string>archive.ar</string>
			<key>includeInIndex</key>
			<string>0</string>
			<key>isa</key>
			<string>PBXFileReference</string>
			<key>name</key>
			<string>libPods.a</string>
			<key>path</key>
			<string>libPods.a</string>
			<key>sourceTree</key>
			<string>BUILT_PRODUCTS_DIR</string>
		</dict>
	</dict>
	<key>rootObject</key>
	<string>E54B223115DDAE3400D6013C</string>
</dict>
</plist>
