// !$*UTF8*$!
{
	archiveVersion = 1;
	classes = {
	};
	objectVersion = 46;
	objects = {

/* Begin PBXBuildFile section */
		A83716B02131488D8CDC393E /* libPods.a in Frameworks */ = {isa = PBXBuildFile; fileRef = F48B9ABE3E664FA297376D87 /* libPods.a */; };
		E50C079D1617A7D9006260A3 /* IPContestCollectionViewController.h.m in Sources */ = {isa = PBXBuildFile; fileRef = E50C079C1617A7D9006260A3 /* IPContestCollectionViewController.h.m */; };
		E50C079F1617A856006260A3 /* Default-568h@2x.png in Resources */ = {isa = PBXBuildFile; fileRef = E50C079E1617A856006260A3 /* Default-568h@2x.png */; };
		E50C07A31617A9D5006260A3 /* IPUserModel.m in Sources */ = {isa = PBXBuildFile; fileRef = E50C07A21617A9D5006260A3 /* IPUserModel.m */; };
		E50C07A61617A9F5006260A3 /* IPContestModel.m in Sources */ = {isa = PBXBuildFile; fileRef = E50C07A51617A9F5006260A3 /* IPContestModel.m */; };
		E50C07A91617B223006260A3 /* IPSubmissionModel.m in Sources */ = {isa = PBXBuildFile; fileRef = E50C07A81617B223006260A3 /* IPSubmissionModel.m */; };
		E5219FDF161A16E900C3FC73 /* IPContestPreviewCell.m in Sources */ = {isa = PBXBuildFile; fileRef = E5219FDE161A16E900C3FC73 /* IPContestPreviewCell.m */; };
		E5225572161B8ED9005F338F /* IPContestViewController.m in Sources */ = {isa = PBXBuildFile; fileRef = E5225571161B8ED9005F338F /* IPContestViewController.m */; };
		E54B223F15DDAE3700D6013C /* UIKit.framework in Frameworks */ = {isa = PBXBuildFile; fileRef = E54B223E15DDAE3700D6013C /* UIKit.framework */; };
		E54B224115DDAE3700D6013C /* Foundation.framework in Frameworks */ = {isa = PBXBuildFile; fileRef = E54B224015DDAE3700D6013C /* Foundation.framework */; };
		E54B224315DDAE3700D6013C /* CoreGraphics.framework in Frameworks */ = {isa = PBXBuildFile; fileRef = E54B224215DDAE3700D6013C /* CoreGraphics.framework */; };
		E54B228915DDDADF00D6013C /* UIImage+AlphaAdditions.m in Sources */ = {isa = PBXBuildFile; fileRef = E54B228415DDDADF00D6013C /* UIImage+AlphaAdditions.m */; };
		E54B228A15DDDADF00D6013C /* UIImage+ResizeAdditions.m in Sources */ = {isa = PBXBuildFile; fileRef = E54B228615DDDADF00D6013C /* UIImage+ResizeAdditions.m */; };
		E54B228B15DDDADF00D6013C /* UIImage+RoundedCornerAdditions.m in Sources */ = {isa = PBXBuildFile; fileRef = E54B228815DDDADF00D6013C /* UIImage+RoundedCornerAdditions.m */; };
		E54B22A015DDE36800D6013C /* InfoPlist.strings in Resources */ = {isa = PBXBuildFile; fileRef = E54B229515DDE36800D6013C /* InfoPlist.strings */; };
		E54B22A115DDE36800D6013C /* InfinityProject-Info.plist in Resources */ = {isa = PBXBuildFile; fileRef = E54B229715DDE36800D6013C /* InfinityProject-Info.plist */; };
		E54B22A215DDE36800D6013C /* IPAppDelegate.m in Sources */ = {isa = PBXBuildFile; fileRef = E54B229A15DDE36800D6013C /* IPAppDelegate.m */; };
		E54B22A315DDE36800D6013C /* IPMeView.m in Sources */ = {isa = PBXBuildFile; fileRef = E54B229C15DDE36800D6013C /* IPMeView.m */; };
		E54B22A415DDE36800D6013C /* IPMeViewController.m in Sources */ = {isa = PBXBuildFile; fileRef = E54B229E15DDE36800D6013C /* IPMeViewController.m */; };
		E54B22A515DDE36800D6013C /* main.m in Sources */ = {isa = PBXBuildFile; fileRef = E54B229F15DDE36800D6013C /* main.m */; };
/* End PBXBuildFile section */

/* Begin PBXFileReference section */
		5AC7D1B79BDB4F08A85AF7A6 /* Pods.xcconfig */ = {isa = PBXFileReference; includeInIndex = 1; lastKnownFileType = text.xcconfig; name = Pods.xcconfig; path = Pods/Pods.xcconfig; sourceTree = SOURCE_ROOT; };
		E50C079B1617A7D9006260A3 /* IPContestCollectionViewController.h */ = {isa = PBXFileReference; fileEncoding = 4; lastKnownFileType = sourcecode.c.h; path = IPContestCollectionViewController.h; sourceTree = "<group>"; };
		E50C079C1617A7D9006260A3 /* IPContestCollectionViewController.h.m */ = {isa = PBXFileReference; fileEncoding = 4; lastKnownFileType = sourcecode.c.objc; path = IPContestCollectionViewController.h.m; sourceTree = "<group>"; };
		E50C079E1617A856006260A3 /* Default-568h@2x.png */ = {isa = PBXFileReference; lastKnownFileType = image.png; path = "Default-568h@2x.png"; sourceTree = "<group>"; };
		E50C07A11617A9D5006260A3 /* IPUserModel.h */ = {isa = PBXFileReference; fileEncoding = 4; lastKnownFileType = sourcecode.c.h; path = IPUserModel.h; sourceTree = "<group>"; };
		E50C07A21617A9D5006260A3 /* IPUserModel.m */ = {isa = PBXFileReference; fileEncoding = 4; lastKnownFileType = sourcecode.c.objc; path = IPUserModel.m; sourceTree = "<group>"; };
		E50C07A41617A9F5006260A3 /* IPContestModel.h */ = {isa = PBXFileReference; fileEncoding = 4; lastKnownFileType = sourcecode.c.h; path = IPContestModel.h; sourceTree = "<group>"; };
		E50C07A51617A9F5006260A3 /* IPContestModel.m */ = {isa = PBXFileReference; fileEncoding = 4; lastKnownFileType = sourcecode.c.objc; path = IPContestModel.m; sourceTree = "<group>"; };
		E50C07A71617B223006260A3 /* IPSubmissionModel.h */ = {isa = PBXFileReference; fileEncoding = 4; lastKnownFileType = sourcecode.c.h; path = IPSubmissionModel.h; sourceTree = "<group>"; };
		E50C07A81617B223006260A3 /* IPSubmissionModel.m */ = {isa = PBXFileReference; fileEncoding = 4; lastKnownFileType = sourcecode.c.objc; path = IPSubmissionModel.m; sourceTree = "<group>"; };
		E5219FDD161A16E900C3FC73 /* IPContestPreviewCell.h */ = {isa = PBXFileReference; fileEncoding = 4; lastKnownFileType = sourcecode.c.h; path = IPContestPreviewCell.h; sourceTree = "<group>"; };
		E5219FDE161A16E900C3FC73 /* IPContestPreviewCell.m */ = {isa = PBXFileReference; fileEncoding = 4; lastKnownFileType = sourcecode.c.objc; path = IPContestPreviewCell.m; sourceTree = "<group>"; };
		E5225570161B8ED9005F338F /* IPContestViewController.h */ = {isa = PBXFileReference; fileEncoding = 4; lastKnownFileType = sourcecode.c.h; path = IPContestViewController.h; sourceTree = "<group>"; };
		E5225571161B8ED9005F338F /* IPContestViewController.m */ = {isa = PBXFileReference; fileEncoding = 4; lastKnownFileType = sourcecode.c.objc; path = IPContestViewController.m; sourceTree = "<group>"; };
		E54B223A15DDAE3700D6013C /* InfinityProject.app */ = {isa = PBXFileReference; explicitFileType = wrapper.application; includeInIndex = 0; path = InfinityProject.app; sourceTree = BUILT_PRODUCTS_DIR; };
		E54B223E15DDAE3700D6013C /* UIKit.framework */ = {isa = PBXFileReference; includeInIndex = 1; lastKnownFileType = wrapper.framework; name = UIKit.framework; path = System/Library/Frameworks/UIKit.framework; sourceTree = SDKROOT; };
		E54B224015DDAE3700D6013C /* Foundation.framework */ = {isa = PBXFileReference; includeInIndex = 1; lastKnownFileType = wrapper.framework; name = Foundation.framework; path = System/Library/Frameworks/Foundation.framework; sourceTree = SDKROOT; };
		E54B224215DDAE3700D6013C /* CoreGraphics.framework */ = {isa = PBXFileReference; includeInIndex = 1; lastKnownFileType = wrapper.framework; name = CoreGraphics.framework; path = System/Library/Frameworks/CoreGraphics.framework; sourceTree = SDKROOT; };
		E54B228315DDDADF00D6013C /* UIImage+AlphaAdditions.h */ = {isa = PBXFileReference; fileEncoding = 4; lastKnownFileType = sourcecode.c.h; path = "UIImage+AlphaAdditions.h"; sourceTree = "<group>"; };
		E54B228415DDDADF00D6013C /* UIImage+AlphaAdditions.m */ = {isa = PBXFileReference; fileEncoding = 4; lastKnownFileType = sourcecode.c.objc; path = "UIImage+AlphaAdditions.m"; sourceTree = "<group>"; };
		E54B228515DDDADF00D6013C /* UIImage+ResizeAdditions.h */ = {isa = PBXFileReference; fileEncoding = 4; lastKnownFileType = sourcecode.c.h; path = "UIImage+ResizeAdditions.h"; sourceTree = "<group>"; };
		E54B228615DDDADF00D6013C /* UIImage+ResizeAdditions.m */ = {isa = PBXFileReference; fileEncoding = 4; lastKnownFileType = sourcecode.c.objc; path = "UIImage+ResizeAdditions.m"; sourceTree = "<group>"; };
		E54B228715DDDADF00D6013C /* UIImage+RoundedCornerAdditions.h */ = {isa = PBXFileReference; fileEncoding = 4; lastKnownFileType = sourcecode.c.h; path = "UIImage+RoundedCornerAdditions.h"; sourceTree = "<group>"; };
		E54B228815DDDADF00D6013C /* UIImage+RoundedCornerAdditions.m */ = {isa = PBXFileReference; fileEncoding = 4; lastKnownFileType = sourcecode.c.objc; path = "UIImage+RoundedCornerAdditions.m"; sourceTree = "<group>"; };
		E54B229615DDE36800D6013C /* en */ = {isa = PBXFileReference; lastKnownFileType = text.plist.strings; name = en; path = en.lproj/InfoPlist.strings; sourceTree = "<group>"; };
		E54B229715DDE36800D6013C /* InfinityProject-Info.plist */ = {isa = PBXFileReference; fileEncoding = 4; lastKnownFileType = text.plist.xml; path = "InfinityProject-Info.plist"; sourceTree = "<group>"; };
		E54B229815DDE36800D6013C /* InfinityProject-Prefix.pch */ = {isa = PBXFileReference; fileEncoding = 4; lastKnownFileType = sourcecode.c.h; path = "InfinityProject-Prefix.pch"; sourceTree = "<group>"; };
		E54B229915DDE36800D6013C /* IPAppDelegate.h */ = {isa = PBXFileReference; fileEncoding = 4; lastKnownFileType = sourcecode.c.h; path = IPAppDelegate.h; sourceTree = "<group>"; };
		E54B229A15DDE36800D6013C /* IPAppDelegate.m */ = {isa = PBXFileReference; fileEncoding = 4; lastKnownFileType = sourcecode.c.objc; path = IPAppDelegate.m; sourceTree = "<group>"; };
		E54B229B15DDE36800D6013C /* IPMeView.h */ = {isa = PBXFileReference; fileEncoding = 4; lastKnownFileType = sourcecode.c.h; path = IPMeView.h; sourceTree = "<group>"; };
		E54B229C15DDE36800D6013C /* IPMeView.m */ = {isa = PBXFileReference; fileEncoding = 4; lastKnownFileType = sourcecode.c.objc; path = IPMeView.m; sourceTree = "<group>"; };
		E54B229D15DDE36800D6013C /* IPMeViewController.h */ = {isa = PBXFileReference; fileEncoding = 4; lastKnownFileType = sourcecode.c.h; path = IPMeViewController.h; sourceTree = "<group>"; };
		E54B229E15DDE36800D6013C /* IPMeViewController.m */ = {isa = PBXFileReference; fileEncoding = 4; lastKnownFileType = sourcecode.c.objc; path = IPMeViewController.m; sourceTree = "<group>"; };
		E54B229F15DDE36800D6013C /* main.m */ = {isa = PBXFileReference; fileEncoding = 4; lastKnownFileType = sourcecode.c.objc; path = main.m; sourceTree = "<group>"; };
		F48B9ABE3E664FA297376D87 /* libPods.a */ = {isa = PBXFileReference; explicitFileType = archive.ar; includeInIndex = 0; path = libPods.a; sourceTree = BUILT_PRODUCTS_DIR; };
/* End PBXFileReference section */

/* Begin PBXFrameworksBuildPhase section */
		E54B223715DDAE3700D6013C /* Frameworks */ = {
			isa = PBXFrameworksBuildPhase;
			buildActionMask = 2147483647;
			files = (
				E54B223F15DDAE3700D6013C /* UIKit.framework in Frameworks */,
				E54B224115DDAE3700D6013C /* Foundation.framework in Frameworks */,
				E54B224315DDAE3700D6013C /* CoreGraphics.framework in Frameworks */,
				A83716B02131488D8CDC393E /* libPods.a in Frameworks */,
			);
			runOnlyForDeploymentPostprocessing = 0;
		};
/* End PBXFrameworksBuildPhase section */

/* Begin PBXGroup section */
		E50C079A1617A672006260A3 /* Application */ = {
			isa = PBXGroup;
			children = (
				E54B229915DDE36800D6013C /* IPAppDelegate.h */,
				E54B229A15DDE36800D6013C /* IPAppDelegate.m */,
			);
			name = Application;
			sourceTree = "<group>";
		};
		E50C07A01617A926006260A3 /* Models */ = {
			isa = PBXGroup;
			children = (
				E50C07A11617A9D5006260A3 /* IPUserModel.h */,
				E50C07A21617A9D5006260A3 /* IPUserModel.m */,
				E50C07A41617A9F5006260A3 /* IPContestModel.h */,
				E50C07A51617A9F5006260A3 /* IPContestModel.m */,
				E50C07A71617B223006260A3 /* IPSubmissionModel.h */,
				E50C07A81617B223006260A3 /* IPSubmissionModel.m */,
			);
			name = Models;
			sourceTree = "<group>";
		};
		E5219FDB161A15E900C3FC73 /* CollectionViewCells */ = {
			isa = PBXGroup;
			children = (
				E5219FDD161A16E900C3FC73 /* IPContestPreviewCell.h */,
				E5219FDE161A16E900C3FC73 /* IPContestPreviewCell.m */,
			);
			name = CollectionViewCells;
			sourceTree = "<group>";
		};
		E54B222F15DDAE3400D6013C = {
			isa = PBXGroup;
			children = (
				E50C079E1617A856006260A3 /* Default-568h@2x.png */,
				E54B229415DDE36800D6013C /* Classes */,
				E54B22A815DDE39C00D6013C /* Supporting Files */,
				E54B223D15DDAE3700D6013C /* Frameworks */,
				E54B226115DDB00700D6013C /* Resources */,
				E54B223B15DDAE3700D6013C /* Products */,
				E54B228115DDDADF00D6013C /* External */,
				5AC7D1B79BDB4F08A85AF7A6 /* Pods.xcconfig */,
			);
			sourceTree = "<group>";
		};
		E54B223B15DDAE3700D6013C /* Products */ = {
			isa = PBXGroup;
			children = (
				E54B223A15DDAE3700D6013C /* InfinityProject.app */,
			);
			name = Products;
			sourceTree = "<group>";
		};
		E54B223D15DDAE3700D6013C /* Frameworks */ = {
			isa = PBXGroup;
			children = (
				E54B223E15DDAE3700D6013C /* UIKit.framework */,
				E54B224015DDAE3700D6013C /* Foundation.framework */,
				E54B224215DDAE3700D6013C /* CoreGraphics.framework */,
				F48B9ABE3E664FA297376D87 /* libPods.a */,
			);
			name = Frameworks;
			sourceTree = "<group>";
		};
		E54B226115DDB00700D6013C /* Resources */ = {
			isa = PBXGroup;
			children = (
			);
			name = Resources;
			path = InfinityProject;
			sourceTree = "<group>";
		};
		E54B228115DDDADF00D6013C /* External */ = {
			isa = PBXGroup;
			children = (
				E54B228215DDDADF00D6013C /* UIImage Categories */,
			);
			path = External;
			sourceTree = "<group>";
		};
		E54B228215DDDADF00D6013C /* UIImage Categories */ = {
			isa = PBXGroup;
			children = (
				E54B228315DDDADF00D6013C /* UIImage+AlphaAdditions.h */,
				E54B228415DDDADF00D6013C /* UIImage+AlphaAdditions.m */,
				E54B228515DDDADF00D6013C /* UIImage+ResizeAdditions.h */,
				E54B228615DDDADF00D6013C /* UIImage+ResizeAdditions.m */,
				E54B228715DDDADF00D6013C /* UIImage+RoundedCornerAdditions.h */,
				E54B228815DDDADF00D6013C /* UIImage+RoundedCornerAdditions.m */,
			);
			path = "UIImage Categories";
			sourceTree = "<group>";
		};
		E54B229415DDE36800D6013C /* Classes */ = {
			isa = PBXGroup;
			children = (
				E50C079A1617A672006260A3 /* Application */,
				E50C07A01617A926006260A3 /* Models */,
				E54B22A615DDE37500D6013C /* Views */,
				E54B22A715DDE38200D6013C /* Controllers */,
			);
			path = Classes;
			sourceTree = "<group>";
		};
		E54B22A615DDE37500D6013C /* Views */ = {
			isa = PBXGroup;
			children = (
				E5219FDB161A15E900C3FC73 /* CollectionViewCells */,
				E54B229B15DDE36800D6013C /* IPMeView.h */,
				E54B229C15DDE36800D6013C /* IPMeView.m */,
			);
			name = Views;
			sourceTree = "<group>";
		};
		E54B22A715DDE38200D6013C /* Controllers */ = {
			isa = PBXGroup;
			children = (
				E54B229D15DDE36800D6013C /* IPMeViewController.h */,
				E54B229E15DDE36800D6013C /* IPMeViewController.m */,
				E50C079B1617A7D9006260A3 /* IPContestCollectionViewController.h */,
				E50C079C1617A7D9006260A3 /* IPContestCollectionViewController.h.m */,
				E5225570161B8ED9005F338F /* IPContestViewController.h */,
				E5225571161B8ED9005F338F /* IPContestViewController.m */,
			);
			name = Controllers;
			sourceTree = "<group>";
		};
		E54B22A815DDE39C00D6013C /* Supporting Files */ = {
			isa = PBXGroup;
			children = (
				E54B229515DDE36800D6013C /* InfoPlist.strings */,
				E54B229715DDE36800D6013C /* InfinityProject-Info.plist */,
				E54B229815DDE36800D6013C /* InfinityProject-Prefix.pch */,
				E54B229F15DDE36800D6013C /* main.m */,
			);
			name = "Supporting Files";
			path = Classes;
			sourceTree = "<group>";
		};
/* End PBXGroup section */

/* Begin PBXNativeTarget section */
		E54B223915DDAE3700D6013C /* InfinityProject */ = {
			isa = PBXNativeTarget;
			buildConfigurationList = E54B225815DDAE3700D6013C /* Build configuration list for PBXNativeTarget "InfinityProject" */;
			buildPhases = (
				E54B223615DDAE3700D6013C /* Sources */,
				E54B223715DDAE3700D6013C /* Frameworks */,
				E54B223815DDAE3700D6013C /* Resources */,
				5FEE92442A96450489BA73F8 /* Copy Pods Resources */,
			);
			buildRules = (
			);
			dependencies = (
			);
			name = InfinityProject;
			productName = InfinityProject;
			productReference = E54B223A15DDAE3700D6013C /* InfinityProject.app */;
			productType = "com.apple.product-type.application";
		};
/* End PBXNativeTarget section */

/* Begin PBXProject section */
		E54B223115DDAE3400D6013C /* Project object */ = {
			isa = PBXProject;
			attributes = {
				CLASSPREFIX = IP;
				LastUpgradeCheck = 0430;
			};
			buildConfigurationList = E54B223415DDAE3400D6013C /* Build configuration list for PBXProject "InfinityProject" */;
			compatibilityVersion = "Xcode 3.2";
			developmentRegion = English;
			hasScannedForEncodings = 0;
			knownRegions = (
				en,
			);
			mainGroup = E54B222F15DDAE3400D6013C;
			productRefGroup = E54B223B15DDAE3700D6013C /* Products */;
			projectDirPath = "";
			projectRoot = "";
			targets = (
				E54B223915DDAE3700D6013C /* InfinityProject */,
			);
		};
/* End PBXProject section */

/* Begin PBXResourcesBuildPhase section */
		E54B223815DDAE3700D6013C /* Resources */ = {
			isa = PBXResourcesBuildPhase;
			buildActionMask = 2147483647;
			files = (
				E54B22A015DDE36800D6013C /* InfoPlist.strings in Resources */,
				E54B22A115DDE36800D6013C /* InfinityProject-Info.plist in Resources */,
				E50C079F1617A856006260A3 /* Default-568h@2x.png in Resources */,
			);
			runOnlyForDeploymentPostprocessing = 0;
		};
/* End PBXResourcesBuildPhase section */

/* Begin PBXShellScriptBuildPhase section */
		5FEE92442A96450489BA73F8 /* Copy Pods Resources */ = {
			isa = PBXShellScriptBuildPhase;
			buildActionMask = 2147483647;
			files = (
			);
			inputPaths = (
			);
			name = "Copy Pods Resources";
			outputPaths = (
			);
			runOnlyForDeploymentPostprocessing = 0;
			shellPath = /bin/sh;
			shellScript = "\"${SRCROOT}/Pods/Pods-resources.sh\"\n";
		};
/* End PBXShellScriptBuildPhase section */

/* Begin PBXSourcesBuildPhase section */
		E54B223615DDAE3700D6013C /* Sources */ = {
			isa = PBXSourcesBuildPhase;
			buildActionMask = 2147483647;
			files = (
				E54B228915DDDADF00D6013C /* UIImage+AlphaAdditions.m in Sources */,
				E54B228A15DDDADF00D6013C /* UIImage+ResizeAdditions.m in Sources */,
				E54B228B15DDDADF00D6013C /* UIImage+RoundedCornerAdditions.m in Sources */,
				E54B22A215DDE36800D6013C /* IPAppDelegate.m in Sources */,
				E54B22A315DDE36800D6013C /* IPMeView.m in Sources */,
				E54B22A415DDE36800D6013C /* IPMeViewController.m in Sources */,
				E54B22A515DDE36800D6013C /* main.m in Sources */,
				E50C079D1617A7D9006260A3 /* IPContestCollectionViewController.h.m in Sources */,
				E50C07A31617A9D5006260A3 /* IPUserModel.m in Sources */,
				E50C07A61617A9F5006260A3 /* IPContestModel.m in Sources */,
				E50C07A91617B223006260A3 /* IPSubmissionModel.m in Sources */,
				E5219FDF161A16E900C3FC73 /* IPContestPreviewCell.m in Sources */,
				E5225572161B8ED9005F338F /* IPContestViewController.m in Sources */,
			);
			runOnlyForDeploymentPostprocessing = 0;
		};
/* End PBXSourcesBuildPhase section */

/* Begin PBXVariantGroup section */
		E54B229515DDE36800D6013C /* InfoPlist.strings */ = {
			isa = PBXVariantGroup;
			children = (
				E54B229615DDE36800D6013C /* en */,
			);
			name = InfoPlist.strings;
			sourceTree = "<group>";
		};
/* End PBXVariantGroup section */

/* Begin XCBuildConfiguration section */
		E54B225615DDAE3700D6013C /* Debug */ = {
			isa = XCBuildConfiguration;
			buildSettings = {
				ALWAYS_SEARCH_USER_PATHS = NO;
				ARCHS = "$(ARCHS_STANDARD_32_BIT)";
				CLANG_ENABLE_OBJC_ARC = YES;
				"CODE_SIGN_IDENTITY[sdk=iphoneos*]" = "iPhone Developer";
				COPY_PHASE_STRIP = NO;
				GCC_C_LANGUAGE_STANDARD = gnu99;
				GCC_DYNAMIC_NO_PIC = NO;
				GCC_OPTIMIZATION_LEVEL = 0;
				GCC_PREPROCESSOR_DEFINITIONS = (
					"DEBUG=1",
					"$(inherited)",
				);
				GCC_SYMBOLS_PRIVATE_EXTERN = NO;
				GCC_VERSION = com.apple.compilers.llvm.clang.1_0;
				GCC_WARN_ABOUT_RETURN_TYPE = YES;
				GCC_WARN_UNINITIALIZED_AUTOS = YES;
				GCC_WARN_UNUSED_VARIABLE = YES;
				IPHONEOS_DEPLOYMENT_TARGET = 5.1;
				SDKROOT = iphoneos;
			};
			name = Debug;
		};
		E54B225715DDAE3700D6013C /* Release */ = {
			isa = XCBuildConfiguration;
			buildSettings = {
				ALWAYS_SEARCH_USER_PATHS = NO;
				ARCHS = "$(ARCHS_STANDARD_32_BIT)";
				CLANG_ENABLE_OBJC_ARC = YES;
				"CODE_SIGN_IDENTITY[sdk=iphoneos*]" = "iPhone Developer";
				COPY_PHASE_STRIP = YES;
				GCC_C_LANGUAGE_STANDARD = gnu99;
				GCC_VERSION = com.apple.compilers.llvm.clang.1_0;
				GCC_WARN_ABOUT_RETURN_TYPE = YES;
				GCC_WARN_UNINITIALIZED_AUTOS = YES;
				GCC_WARN_UNUSED_VARIABLE = YES;
				IPHONEOS_DEPLOYMENT_TARGET = 5.1;
				OTHER_CFLAGS = "-DNS_BLOCK_ASSERTIONS=1";
				SDKROOT = iphoneos;
				VALIDATE_PRODUCT = YES;
			};
			name = Release;
		};
		E54B225915DDAE3700D6013C /* Debug */ = {
			isa = XCBuildConfiguration;
			baseConfigurationReference = 5AC7D1B79BDB4F08A85AF7A6 /* Pods.xcconfig */;
			buildSettings = {
				GCC_PRECOMPILE_PREFIX_HEADER = YES;
				GCC_PREFIX_HEADER = "Classes/InfinityProject-Prefix.pch";
				INFOPLIST_FILE = "Classes/InfinityProject-Info.plist";
				IPHONEOS_DEPLOYMENT_TARGET = 5.1;
				PRODUCT_NAME = "$(TARGET_NAME)";
				PUBLIC_HEADERS_FOLDER_PATH = "InfinityProject-Info.plist";
				WRAPPER_EXTENSION = app;
			};
			name = Debug;
		};
		E54B225A15DDAE3700D6013C /* Release */ = {
			isa = XCBuildConfiguration;
			baseConfigurationReference = 5AC7D1B79BDB4F08A85AF7A6 /* Pods.xcconfig */;
			buildSettings = {
				GCC_PRECOMPILE_PREFIX_HEADER = YES;
				GCC_PREFIX_HEADER = "Classes/InfinityProject-Prefix.pch";
				INFOPLIST_FILE = "Classes/InfinityProject-Info.plist";
				IPHONEOS_DEPLOYMENT_TARGET = 5.1;
				PRODUCT_NAME = "$(TARGET_NAME)";
				PUBLIC_HEADERS_FOLDER_PATH = "InfinityProject-Info.plist";
				WRAPPER_EXTENSION = app;
			};
			name = Release;
		};
/* End XCBuildConfiguration section */

/* Begin XCConfigurationList section */
		E54B223415DDAE3400D6013C /* Build configuration list for PBXProject "InfinityProject" */ = {
			isa = XCConfigurationList;
			buildConfigurations = (
				E54B225615DDAE3700D6013C /* Debug */,
				E54B225715DDAE3700D6013C /* Release */,
			);
			defaultConfigurationIsVisible = 0;
			defaultConfigurationName = Release;
		};
		E54B225815DDAE3700D6013C /* Build configuration list for PBXNativeTarget "InfinityProject" */ = {
			isa = XCConfigurationList;
			buildConfigurations = (
				E54B225915DDAE3700D6013C /* Debug */,
				E54B225A15DDAE3700D6013C /* Release */,
			);
			defaultConfigurationIsVisible = 0;
			defaultConfigurationName = Release;
		};
/* End XCConfigurationList section */
	};
	rootObject = E54B223115DDAE3400D6013C /* Project object */;
}
